
Microsoft Visual Studio Solution File, Format Version 12.00
# Visual Studio Version 16
VisualStudioVersion = 16.0.31613.86
MinimumVisualStudioVersion = 10.0.40219.1
Project("{778DAE3C-4631-46EA-AA77-85C1314464D9}") = "WindowsAndOfficeDownloader", "OfficeInstaller\WindowsAndOfficeDownloader.vbproj", "{3A66FC8E-8BFD-466F-A7AB-0C8288661FF3}"
EndProject
Global
	GlobalSection(SolutionConfigurationPlatforms) = preSolution
		Debug|Any CPU = Debug|Any CPU
		Release|Any CPU = Release|Any CPU
	EndGlobalSection
	GlobalSection(ProjectConfigurationPlatforms) = postSolution
		{3A66FC8E-8BFD-466F-A7AB-0C8288661FF3}.Debug|Any CPU.ActiveCfg = Debug|Any CPU
		{3A66FC8E-8BFD-466F-A7AB-0C8288661FF3}.Debug|Any CPU.Build.0 = Debug|Any CPU
		{3A66FC8E-8BFD-466F-A7AB-0C8288661FF3}.Release|Any CPU.ActiveCfg = Release|Any CPU
		{3A66FC8E-8BFD-466F-A7AB-0C8288661FF3}.Release|Any CPU.Build.0 = Release|Any CPU
	EndGlobalSection
	GlobalSection(SolutionProperties) = preSolution
		HideSolutionNode = FALSE
	EndGlobalSection
	GlobalSection(ExtensibilityGlobals) = postSolution
		SolutionGuid = {530B93D9-046A-409C-989E-D483199A9B97}
	EndGlobalSection
EndGlobal
